
Microsoft Visual Studio Solution File, Format Version 12.00
# Visual Studio Version 16
VisualStudioVersion = 16.0.30114.105
MinimumVisualStudioVersion = 10.0.40219.1
Project("{FAE04EC0-301F-11D3-BF4B-00C04F79EFBC}") = "R5T.Goteborg.Default", "R5T.Goteborg.Default\R5T.Goteborg.Default.csproj", "{C14078F9-5F8D-4E58-AFDE-893AB1CCA437}"
EndProject
Project("{FAE04EC0-301F-11D3-BF4B-00C04F79EFBC}") = "R5T.Goteborg.Default.Construction", "R5T.Goteborg.Default.Construction\R5T.Goteborg.Default.Construction.csproj", "{72C30B77-9A4B-4D16-8D6E-EBA9255E5A15}"
EndProject
Project("{FAE04EC0-301F-11D3-BF4B-00C04F79EFBC}") = "R5T.Goteborg.Default.Testing", "R5T.Goteborg.Default.Testing\R5T.Goteborg.Default.Testing.csproj", "{B8E153B8-05D3-4FA9-B504-D1690C5EF786}"
EndProject
Global
	GlobalSection(SolutionConfigurationPlatforms) = preSolution
		Debug|Any CPU = Debug|Any CPU
		Debug|x64 = Debug|x64
		Debug|x86 = Debug|x86
		Release|Any CPU = Release|Any CPU
		Release|x64 = Release|x64
		Release|x86 = Release|x86
	EndGlobalSection
	GlobalSection(SolutionProperties) = preSolution
		HideSolutionNode = FALSE
	EndGlobalSection
	GlobalSection(ProjectConfigurationPlatforms) = postSolution
		{C14078F9-5F8D-4E58-AFDE-893AB1CCA437}.Debug|Any CPU.ActiveCfg = Debug|Any CPU
		{C14078F9-5F8D-4E58-AFDE-893AB1CCA437}.Debug|Any CPU.Build.0 = Debug|Any CPU
		{C14078F9-5F8D-4E58-AFDE-893AB1CCA437}.Debug|x64.ActiveCfg = Debug|Any CPU
		{C14078F9-5F8D-4E58-AFDE-893AB1CCA437}.Debug|x64.Build.0 = Debug|Any CPU
		{C14078F9-5F8D-4E58-AFDE-893AB1CCA437}.Debug|x86.ActiveCfg = Debug|Any CPU
		{C14078F9-5F8D-4E58-AFDE-893AB1CCA437}.Debug|x86.Build.0 = Debug|Any CPU
		{C14078F9-5F8D-4E58-AFDE-893AB1CCA437}.Release|Any CPU.ActiveCfg = Release|Any CPU
		{C14078F9-5F8D-4E58-AFDE-893AB1CCA437}.Release|Any CPU.Build.0 = Release|Any CPU
		{C14078F9-5F8D-4E58-AFDE-893AB1CCA437}.Release|x64.ActiveCfg = Release|Any CPU
		{C14078F9-5F8D-4E58-AFDE-893AB1CCA437}.Release|x64.Build.0 = Release|Any CPU
		{C14078F9-5F8D-4E58-AFDE-893AB1CCA437}.Release|x86.ActiveCfg = Release|Any CPU
		{C14078F9-5F8D-4E58-AFDE-893AB1CCA437}.Release|x86.Build.0 = Release|Any CPU
		{72C30B77-9A4B-4D16-8D6E-EBA9255E5A15}.Debug|Any CPU.ActiveCfg = Debug|Any CPU
		{72C30B77-9A4B-4D16-8D6E-EBA9255E5A15}.Debug|Any CPU.Build.0 = Debug|Any CPU
		{72C30B77-9A4B-4D16-8D6E-EBA9255E5A15}.Debug|x64.ActiveCfg = Debug|Any CPU
		{72C30B77-9A4B-4D16-8D6E-EBA9255E5A15}.Debug|x64.Build.0 = Debug|Any CPU
		{72C30B77-9A4B-4D16-8D6E-EBA9255E5A15}.Debug|x86.ActiveCfg = Debug|Any CPU
		{72C30B77-9A4B-4D16-8D6E-EBA9255E5A15}.Debug|x86.Build.0 = Debug|Any CPU
		{72C30B77-9A4B-4D16-8D6E-EBA9255E5A15}.Release|Any CPU.ActiveCfg = Release|Any CPU
		{72C30B77-9A4B-4D16-8D6E-EBA9255E5A15}.Release|Any CPU.Build.0 = Release|Any CPU
		{72C30B77-9A4B-4D16-8D6E-EBA9255E5A15}.Release|x64.ActiveCfg = Release|Any CPU
		{72C30B77-9A4B-4D16-8D6E-EBA9255E5A15}.Release|x64.Build.0 = Release|Any CPU
		{72C30B77-9A4B-4D16-8D6E-EBA9255E5A15}.Release|x86.ActiveCfg = Release|Any CPU
		{72C30B77-9A4B-4D16-8D6E-EBA9255E5A15}.Release|x86.Build.0 = Release|Any CPU
		{B8E153B8-05D3-4FA9-B504-D1690C5EF786}.Debug|Any CPU.ActiveCfg = Debug|Any CPU
		{B8E153B8-05D3-4FA9-B504-D1690C5EF786}.Debug|Any CPU.Build.0 = Debug|Any CPU
		{B8E153B8-05D3-4FA9-B504-D1690C5EF786}.Debug|x64.ActiveCfg = Debug|Any CPU
		{B8E153B8-05D3-4FA9-B504-D1690C5EF786}.Debug|x64.Build.0 = Debug|Any CPU
		{B8E153B8-05D3-4FA9-B504-D1690C5EF786}.Debug|x86.ActiveCfg = Debug|Any CPU
		{B8E153B8-05D3-4FA9-B504-D1690C5EF786}.Debug|x86.Build.0 = Debug|Any CPU
		{B8E153B8-05D3-4FA9-B504-D1690C5EF786}.Release|Any CPU.ActiveCfg = Release|Any CPU
		{B8E153B8-05D3-4FA9-B504-D1690C5EF786}.Release|Any CPU.Build.0 = Release|Any CPU
		{B8E153B8-05D3-4FA9-B504-D1690C5EF786}.Release|x64.ActiveCfg = Release|Any CPU
		{B8E153B8-05D3-4FA9-B504-D1690C5EF786}.Release|x64.Build.0 = Release|Any CPU
		{B8E153B8-05D3-4FA9-B504-D1690C5EF786}.Release|x86.ActiveCfg = Release|Any CPU
		{B8E153B8-05D3-4FA9-B504-D1690C5EF786}.Release|x86.Build.0 = Release|Any CPU
	EndGlobalSection
EndGlobal
