
Microsoft Visual Studio Solution File, Format Version 12.00
# Visual Studio 15
VisualStudioVersion = 15.0.26124.0
MinimumVisualStudioVersion = 15.0.26124.0
Project("{9A19103F-16F7-4668-BE54-9A1E7A4F7556}") = "R5T.Goteborg.Default.Construction", "R5T.Goteborg.Default.Construction\R5T.Goteborg.Default.Construction.csproj", "{F607FBE0-54B5-4FDE-A931-B1EF8FCCC144}"
EndProject
Project("{9A19103F-16F7-4668-BE54-9A1E7A4F7556}") = "R5T.Goteborg.Default", "R5T.Goteborg.Default\R5T.Goteborg.Default.csproj", "{D9EEBDB1-F834-4B7A-A2A5-5D85305228EB}"
EndProject
Project("{9A19103F-16F7-4668-BE54-9A1E7A4F7556}") = "R5T.Goteborg.Default.Testing", "R5T.Goteborg.Default.Testing\R5T.Goteborg.Default.Testing.csproj", "{013DFB46-E3EA-4CD6-BB6E-AF2B70B29AE1}"
EndProject
Project("{2150E333-8FDC-42A3-9474-1A3956D46DE8}") = "_Dependencies", "_Dependencies", "{1D46872E-2400-4795-A698-7BD62988AADB}"
EndProject
Project("{9A19103F-16F7-4668-BE54-9A1E7A4F7556}") = "R5T.Goteborg.Base", "..\..\R5T.Goteborg.Base\source\R5T.Goteborg.Base\R5T.Goteborg.Base.csproj", "{EB86B0B7-C203-427C-AC82-E54E90035F45}"
EndProject
Project("{9A19103F-16F7-4668-BE54-9A1E7A4F7556}") = "R5T.Rhodes", "..\..\R5T.Rhodes\source\R5T.Rhodes\R5T.Rhodes.csproj", "{840D8296-E8F7-4759-9CB8-5E1375924D7C}"
EndProject
Project("{9A19103F-16F7-4668-BE54-9A1E7A4F7556}") = "R5T.Viborg.Base", "..\..\R5T.Viborg.Base\source\R5T.Viborg.Base\R5T.Viborg.Base.csproj", "{CE642DDA-3D24-44C2-840D-78FFEC3EB6D3}"
EndProject
Project("{9A19103F-16F7-4668-BE54-9A1E7A4F7556}") = "R5T.Chamavia", "..\..\R5T.Chamavia\source\R5T.Chamavia\R5T.Chamavia.csproj", "{9ECF55E4-F2E3-422A-9B63-836991A3A098}"
EndProject
Project("{9A19103F-16F7-4668-BE54-9A1E7A4F7556}") = "R5T.T0064", "..\..\R5T.T0064\source\R5T.T0064\R5T.T0064.csproj", "{F7EA3DE8-5ADD-44E4-8964-629DD89E4FFF}"
EndProject
Project("{9A19103F-16F7-4668-BE54-9A1E7A4F7556}") = "R5T.Polidea", "..\..\R5T.Polidea\source\R5T.Polidea\R5T.Polidea.csproj", "{19BA70DC-E404-4E04-8F7B-D001AED453C9}"
EndProject
Project("{9A19103F-16F7-4668-BE54-9A1E7A4F7556}") = "R5T.Aalborg", "..\..\R5T.Aalborg\source\R5T.Aalborg\R5T.Aalborg.csproj", "{10DAF209-8C5E-4B41-9918-0BF7EFD0DADC}"
EndProject
Project("{9A19103F-16F7-4668-BE54-9A1E7A4F7556}") = "R5T.Aalborg.Abstractions", "..\..\R5T.Aalborg\source\R5T.Aalborg.Abstractions\R5T.Aalborg.Abstractions.csproj", "{7EB9292B-CAF1-4530-BA0E-BA4048C2FEF5}"
EndProject
Project("{9A19103F-16F7-4668-BE54-9A1E7A4F7556}") = "R5T.Opatia", "..\..\R5T.Opatia\source\R5T.Opatia\R5T.Opatia.csproj", "{C8857806-30CF-4E0C-A7A6-9F7F01608F2E}"
EndProject
Global
	GlobalSection(SolutionConfigurationPlatforms) = preSolution
		Debug|Any CPU = Debug|Any CPU
		Debug|x64 = Debug|x64
		Debug|x86 = Debug|x86
		Release|Any CPU = Release|Any CPU
		Release|x64 = Release|x64
		Release|x86 = Release|x86
	EndGlobalSection
	GlobalSection(ProjectConfigurationPlatforms) = postSolution
		{F607FBE0-54B5-4FDE-A931-B1EF8FCCC144}.Debug|Any CPU.ActiveCfg = Debug|Any CPU
		{F607FBE0-54B5-4FDE-A931-B1EF8FCCC144}.Debug|Any CPU.Build.0 = Debug|Any CPU
		{F607FBE0-54B5-4FDE-A931-B1EF8FCCC144}.Debug|x64.ActiveCfg = Debug|Any CPU
		{F607FBE0-54B5-4FDE-A931-B1EF8FCCC144}.Debug|x64.Build.0 = Debug|Any CPU
		{F607FBE0-54B5-4FDE-A931-B1EF8FCCC144}.Debug|x86.ActiveCfg = Debug|Any CPU
		{F607FBE0-54B5-4FDE-A931-B1EF8FCCC144}.Debug|x86.Build.0 = Debug|Any CPU
		{F607FBE0-54B5-4FDE-A931-B1EF8FCCC144}.Release|Any CPU.ActiveCfg = Release|Any CPU
		{F607FBE0-54B5-4FDE-A931-B1EF8FCCC144}.Release|Any CPU.Build.0 = Release|Any CPU
		{F607FBE0-54B5-4FDE-A931-B1EF8FCCC144}.Release|x64.ActiveCfg = Release|Any CPU
		{F607FBE0-54B5-4FDE-A931-B1EF8FCCC144}.Release|x64.Build.0 = Release|Any CPU
		{F607FBE0-54B5-4FDE-A931-B1EF8FCCC144}.Release|x86.ActiveCfg = Release|Any CPU
		{F607FBE0-54B5-4FDE-A931-B1EF8FCCC144}.Release|x86.Build.0 = Release|Any CPU
		{D9EEBDB1-F834-4B7A-A2A5-5D85305228EB}.Debug|Any CPU.ActiveCfg = Debug|Any CPU
		{D9EEBDB1-F834-4B7A-A2A5-5D85305228EB}.Debug|Any CPU.Build.0 = Debug|Any CPU
		{D9EEBDB1-F834-4B7A-A2A5-5D85305228EB}.Debug|x64.ActiveCfg = Debug|Any CPU
		{D9EEBDB1-F834-4B7A-A2A5-5D85305228EB}.Debug|x64.Build.0 = Debug|Any CPU
		{D9EEBDB1-F834-4B7A-A2A5-5D85305228EB}.Debug|x86.ActiveCfg = Debug|Any CPU
		{D9EEBDB1-F834-4B7A-A2A5-5D85305228EB}.Debug|x86.Build.0 = Debug|Any CPU
		{D9EEBDB1-F834-4B7A-A2A5-5D85305228EB}.Release|Any CPU.ActiveCfg = Release|Any CPU
		{D9EEBDB1-F834-4B7A-A2A5-5D85305228EB}.Release|Any CPU.Build.0 = Release|Any CPU
		{D9EEBDB1-F834-4B7A-A2A5-5D85305228EB}.Release|x64.ActiveCfg = Release|Any CPU
		{D9EEBDB1-F834-4B7A-A2A5-5D85305228EB}.Release|x64.Build.0 = Release|Any CPU
		{D9EEBDB1-F834-4B7A-A2A5-5D85305228EB}.Release|x86.ActiveCfg = Release|Any CPU
		{D9EEBDB1-F834-4B7A-A2A5-5D85305228EB}.Release|x86.Build.0 = Release|Any CPU
		{013DFB46-E3EA-4CD6-BB6E-AF2B70B29AE1}.Debug|Any CPU.ActiveCfg = Debug|Any CPU
		{013DFB46-E3EA-4CD6-BB6E-AF2B70B29AE1}.Debug|Any CPU.Build.0 = Debug|Any CPU
		{013DFB46-E3EA-4CD6-BB6E-AF2B70B29AE1}.Debug|x64.ActiveCfg = Debug|Any CPU
		{013DFB46-E3EA-4CD6-BB6E-AF2B70B29AE1}.Debug|x64.Build.0 = Debug|Any CPU
		{013DFB46-E3EA-4CD6-BB6E-AF2B70B29AE1}.Debug|x86.ActiveCfg = Debug|Any CPU
		{013DFB46-E3EA-4CD6-BB6E-AF2B70B29AE1}.Debug|x86.Build.0 = Debug|Any CPU
		{013DFB46-E3EA-4CD6-BB6E-AF2B70B29AE1}.Release|Any CPU.ActiveCfg = Release|Any CPU
		{013DFB46-E3EA-4CD6-BB6E-AF2B70B29AE1}.Release|Any CPU.Build.0 = Release|Any CPU
		{013DFB46-E3EA-4CD6-BB6E-AF2B70B29AE1}.Release|x64.ActiveCfg = Release|Any CPU
		{013DFB46-E3EA-4CD6-BB6E-AF2B70B29AE1}.Release|x64.Build.0 = Release|Any CPU
		{013DFB46-E3EA-4CD6-BB6E-AF2B70B29AE1}.Release|x86.ActiveCfg = Release|Any CPU
		{013DFB46-E3EA-4CD6-BB6E-AF2B70B29AE1}.Release|x86.Build.0 = Release|Any CPU
		{EB86B0B7-C203-427C-AC82-E54E90035F45}.Debug|Any CPU.ActiveCfg = Debug|Any CPU
		{EB86B0B7-C203-427C-AC82-E54E90035F45}.Debug|Any CPU.Build.0 = Debug|Any CPU
		{EB86B0B7-C203-427C-AC82-E54E90035F45}.Debug|x64.ActiveCfg = Debug|Any CPU
		{EB86B0B7-C203-427C-AC82-E54E90035F45}.Debug|x64.Build.0 = Debug|Any CPU
		{EB86B0B7-C203-427C-AC82-E54E90035F45}.Debug|x86.ActiveCfg = Debug|Any CPU
		{EB86B0B7-C203-427C-AC82-E54E90035F45}.Debug|x86.Build.0 = Debug|Any CPU
		{EB86B0B7-C203-427C-AC82-E54E90035F45}.Release|Any CPU.ActiveCfg = Release|Any CPU
		{EB86B0B7-C203-427C-AC82-E54E90035F45}.Release|Any CPU.Build.0 = Release|Any CPU
		{EB86B0B7-C203-427C-AC82-E54E90035F45}.Release|x64.ActiveCfg = Release|Any CPU
		{EB86B0B7-C203-427C-AC82-E54E90035F45}.Release|x64.Build.0 = Release|Any CPU
		{EB86B0B7-C203-427C-AC82-E54E90035F45}.Release|x86.ActiveCfg = Release|Any CPU
		{EB86B0B7-C203-427C-AC82-E54E90035F45}.Release|x86.Build.0 = Release|Any CPU
		{840D8296-E8F7-4759-9CB8-5E1375924D7C}.Debug|Any CPU.ActiveCfg = Debug|Any CPU
		{840D8296-E8F7-4759-9CB8-5E1375924D7C}.Debug|Any CPU.Build.0 = Debug|Any CPU
		{840D8296-E8F7-4759-9CB8-5E1375924D7C}.Debug|x64.ActiveCfg = Debug|Any CPU
		{840D8296-E8F7-4759-9CB8-5E1375924D7C}.Debug|x64.Build.0 = Debug|Any CPU
		{840D8296-E8F7-4759-9CB8-5E1375924D7C}.Debug|x86.ActiveCfg = Debug|Any CPU
		{840D8296-E8F7-4759-9CB8-5E1375924D7C}.Debug|x86.Build.0 = Debug|Any CPU
		{840D8296-E8F7-4759-9CB8-5E1375924D7C}.Release|Any CPU.ActiveCfg = Release|Any CPU
		{840D8296-E8F7-4759-9CB8-5E1375924D7C}.Release|Any CPU.Build.0 = Release|Any CPU
		{840D8296-E8F7-4759-9CB8-5E1375924D7C}.Release|x64.ActiveCfg = Release|Any CPU
		{840D8296-E8F7-4759-9CB8-5E1375924D7C}.Release|x64.Build.0 = Release|Any CPU
		{840D8296-E8F7-4759-9CB8-5E1375924D7C}.Release|x86.ActiveCfg = Release|Any CPU
		{840D8296-E8F7-4759-9CB8-5E1375924D7C}.Release|x86.Build.0 = Release|Any CPU
		{CE642DDA-3D24-44C2-840D-78FFEC3EB6D3}.Debug|Any CPU.ActiveCfg = Debug|Any CPU
		{CE642DDA-3D24-44C2-840D-78FFEC3EB6D3}.Debug|Any CPU.Build.0 = Debug|Any CPU
		{CE642DDA-3D24-44C2-840D-78FFEC3EB6D3}.Debug|x64.ActiveCfg = Debug|Any CPU
		{CE642DDA-3D24-44C2-840D-78FFEC3EB6D3}.Debug|x64.Build.0 = Debug|Any CPU
		{CE642DDA-3D24-44C2-840D-78FFEC3EB6D3}.Debug|x86.ActiveCfg = Debug|Any CPU
		{CE642DDA-3D24-44C2-840D-78FFEC3EB6D3}.Debug|x86.Build.0 = Debug|Any CPU
		{CE642DDA-3D24-44C2-840D-78FFEC3EB6D3}.Release|Any CPU.ActiveCfg = Release|Any CPU
		{CE642DDA-3D24-44C2-840D-78FFEC3EB6D3}.Release|Any CPU.Build.0 = Release|Any CPU
		{CE642DDA-3D24-44C2-840D-78FFEC3EB6D3}.Release|x64.ActiveCfg = Release|Any CPU
		{CE642DDA-3D24-44C2-840D-78FFEC3EB6D3}.Release|x64.Build.0 = Release|Any CPU
		{CE642DDA-3D24-44C2-840D-78FFEC3EB6D3}.Release|x86.ActiveCfg = Release|Any CPU
		{CE642DDA-3D24-44C2-840D-78FFEC3EB6D3}.Release|x86.Build.0 = Release|Any CPU
		{9ECF55E4-F2E3-422A-9B63-836991A3A098}.Debug|Any CPU.ActiveCfg = Debug|Any CPU
		{9ECF55E4-F2E3-422A-9B63-836991A3A098}.Debug|Any CPU.Build.0 = Debug|Any CPU
		{9ECF55E4-F2E3-422A-9B63-836991A3A098}.Debug|x64.ActiveCfg = Debug|Any CPU
		{9ECF55E4-F2E3-422A-9B63-836991A3A098}.Debug|x64.Build.0 = Debug|Any CPU
		{9ECF55E4-F2E3-422A-9B63-836991A3A098}.Debug|x86.ActiveCfg = Debug|Any CPU
		{9ECF55E4-F2E3-422A-9B63-836991A3A098}.Debug|x86.Build.0 = Debug|Any CPU
		{9ECF55E4-F2E3-422A-9B63-836991A3A098}.Release|Any CPU.ActiveCfg = Release|Any CPU
		{9ECF55E4-F2E3-422A-9B63-836991A3A098}.Release|Any CPU.Build.0 = Release|Any CPU
		{9ECF55E4-F2E3-422A-9B63-836991A3A098}.Release|x64.ActiveCfg = Release|Any CPU
		{9ECF55E4-F2E3-422A-9B63-836991A3A098}.Release|x64.Build.0 = Release|Any CPU
		{9ECF55E4-F2E3-422A-9B63-836991A3A098}.Release|x86.ActiveCfg = Release|Any CPU
		{9ECF55E4-F2E3-422A-9B63-836991A3A098}.Release|x86.Build.0 = Release|Any CPU
		{F7EA3DE8-5ADD-44E4-8964-629DD89E4FFF}.Debug|Any CPU.ActiveCfg = Debug|Any CPU
		{F7EA3DE8-5ADD-44E4-8964-629DD89E4FFF}.Debug|Any CPU.Build.0 = Debug|Any CPU
		{F7EA3DE8-5ADD-44E4-8964-629DD89E4FFF}.Debug|x64.ActiveCfg = Debug|Any CPU
		{F7EA3DE8-5ADD-44E4-8964-629DD89E4FFF}.Debug|x64.Build.0 = Debug|Any CPU
		{F7EA3DE8-5ADD-44E4-8964-629DD89E4FFF}.Debug|x86.ActiveCfg = Debug|Any CPU
		{F7EA3DE8-5ADD-44E4-8964-629DD89E4FFF}.Debug|x86.Build.0 = Debug|Any CPU
		{F7EA3DE8-5ADD-44E4-8964-629DD89E4FFF}.Release|Any CPU.ActiveCfg = Release|Any CPU
		{F7EA3DE8-5ADD-44E4-8964-629DD89E4FFF}.Release|Any CPU.Build.0 = Release|Any CPU
		{F7EA3DE8-5ADD-44E4-8964-629DD89E4FFF}.Release|x64.ActiveCfg = Release|Any CPU
		{F7EA3DE8-5ADD-44E4-8964-629DD89E4FFF}.Release|x64.Build.0 = Release|Any CPU
		{F7EA3DE8-5ADD-44E4-8964-629DD89E4FFF}.Release|x86.ActiveCfg = Release|Any CPU
		{F7EA3DE8-5ADD-44E4-8964-629DD89E4FFF}.Release|x86.Build.0 = Release|Any CPU
		{19BA70DC-E404-4E04-8F7B-D001AED453C9}.Debug|Any CPU.ActiveCfg = Debug|Any CPU
		{19BA70DC-E404-4E04-8F7B-D001AED453C9}.Debug|Any CPU.Build.0 = Debug|Any CPU
		{19BA70DC-E404-4E04-8F7B-D001AED453C9}.Debug|x64.ActiveCfg = Debug|Any CPU
		{19BA70DC-E404-4E04-8F7B-D001AED453C9}.Debug|x64.Build.0 = Debug|Any CPU
		{19BA70DC-E404-4E04-8F7B-D001AED453C9}.Debug|x86.ActiveCfg = Debug|Any CPU
		{19BA70DC-E404-4E04-8F7B-D001AED453C9}.Debug|x86.Build.0 = Debug|Any CPU
		{19BA70DC-E404-4E04-8F7B-D001AED453C9}.Release|Any CPU.ActiveCfg = Release|Any CPU
		{19BA70DC-E404-4E04-8F7B-D001AED453C9}.Release|Any CPU.Build.0 = Release|Any CPU
		{19BA70DC-E404-4E04-8F7B-D001AED453C9}.Release|x64.ActiveCfg = Release|Any CPU
		{19BA70DC-E404-4E04-8F7B-D001AED453C9}.Release|x64.Build.0 = Release|Any CPU
		{19BA70DC-E404-4E04-8F7B-D001AED453C9}.Release|x86.ActiveCfg = Release|Any CPU
		{19BA70DC-E404-4E04-8F7B-D001AED453C9}.Release|x86.Build.0 = Release|Any CPU
		{10DAF209-8C5E-4B41-9918-0BF7EFD0DADC}.Debug|Any CPU.ActiveCfg = Debug|Any CPU
		{10DAF209-8C5E-4B41-9918-0BF7EFD0DADC}.Debug|Any CPU.Build.0 = Debug|Any CPU
		{10DAF209-8C5E-4B41-9918-0BF7EFD0DADC}.Debug|x64.ActiveCfg = Debug|Any CPU
		{10DAF209-8C5E-4B41-9918-0BF7EFD0DADC}.Debug|x64.Build.0 = Debug|Any CPU
		{10DAF209-8C5E-4B41-9918-0BF7EFD0DADC}.Debug|x86.ActiveCfg = Debug|Any CPU
		{10DAF209-8C5E-4B41-9918-0BF7EFD0DADC}.Debug|x86.Build.0 = Debug|Any CPU
		{10DAF209-8C5E-4B41-9918-0BF7EFD0DADC}.Release|Any CPU.ActiveCfg = Release|Any CPU
		{10DAF209-8C5E-4B41-9918-0BF7EFD0DADC}.Release|Any CPU.Build.0 = Release|Any CPU
		{10DAF209-8C5E-4B41-9918-0BF7EFD0DADC}.Release|x64.ActiveCfg = Release|Any CPU
		{10DAF209-8C5E-4B41-9918-0BF7EFD0DADC}.Release|x64.Build.0 = Release|Any CPU
		{10DAF209-8C5E-4B41-9918-0BF7EFD0DADC}.Release|x86.ActiveCfg = Release|Any CPU
		{10DAF209-8C5E-4B41-9918-0BF7EFD0DADC}.Release|x86.Build.0 = Release|Any CPU
		{7EB9292B-CAF1-4530-BA0E-BA4048C2FEF5}.Debug|Any CPU.ActiveCfg = Debug|Any CPU
		{7EB9292B-CAF1-4530-BA0E-BA4048C2FEF5}.Debug|Any CPU.Build.0 = Debug|Any CPU
		{7EB9292B-CAF1-4530-BA0E-BA4048C2FEF5}.Debug|x64.ActiveCfg = Debug|Any CPU
		{7EB9292B-CAF1-4530-BA0E-BA4048C2FEF5}.Debug|x64.Build.0 = Debug|Any CPU
		{7EB9292B-CAF1-4530-BA0E-BA4048C2FEF5}.Debug|x86.ActiveCfg = Debug|Any CPU
		{7EB9292B-CAF1-4530-BA0E-BA4048C2FEF5}.Debug|x86.Build.0 = Debug|Any CPU
		{7EB9292B-CAF1-4530-BA0E-BA4048C2FEF5}.Release|Any CPU.ActiveCfg = Release|Any CPU
		{7EB9292B-CAF1-4530-BA0E-BA4048C2FEF5}.Release|Any CPU.Build.0 = Release|Any CPU
		{7EB9292B-CAF1-4530-BA0E-BA4048C2FEF5}.Release|x64.ActiveCfg = Release|Any CPU
		{7EB9292B-CAF1-4530-BA0E-BA4048C2FEF5}.Release|x64.Build.0 = Release|Any CPU
		{7EB9292B-CAF1-4530-BA0E-BA4048C2FEF5}.Release|x86.ActiveCfg = Release|Any CPU
		{7EB9292B-CAF1-4530-BA0E-BA4048C2FEF5}.Release|x86.Build.0 = Release|Any CPU
		{C8857806-30CF-4E0C-A7A6-9F7F01608F2E}.Debug|Any CPU.ActiveCfg = Debug|Any CPU
		{C8857806-30CF-4E0C-A7A6-9F7F01608F2E}.Debug|Any CPU.Build.0 = Debug|Any CPU
		{C8857806-30CF-4E0C-A7A6-9F7F01608F2E}.Debug|x64.ActiveCfg = Debug|Any CPU
		{C8857806-30CF-4E0C-A7A6-9F7F01608F2E}.Debug|x64.Build.0 = Debug|Any CPU
		{C8857806-30CF-4E0C-A7A6-9F7F01608F2E}.Debug|x86.ActiveCfg = Debug|Any CPU
		{C8857806-30CF-4E0C-A7A6-9F7F01608F2E}.Debug|x86.Build.0 = Debug|Any CPU
		{C8857806-30CF-4E0C-A7A6-9F7F01608F2E}.Release|Any CPU.ActiveCfg = Release|Any CPU
		{C8857806-30CF-4E0C-A7A6-9F7F01608F2E}.Release|Any CPU.Build.0 = Release|Any CPU
		{C8857806-30CF-4E0C-A7A6-9F7F01608F2E}.Release|x64.ActiveCfg = Release|Any CPU
		{C8857806-30CF-4E0C-A7A6-9F7F01608F2E}.Release|x64.Build.0 = Release|Any CPU
		{C8857806-30CF-4E0C-A7A6-9F7F01608F2E}.Release|x86.ActiveCfg = Release|Any CPU
		{C8857806-30CF-4E0C-A7A6-9F7F01608F2E}.Release|x86.Build.0 = Release|Any CPU
	EndGlobalSection
	GlobalSection(SolutionProperties) = preSolution
		HideSolutionNode = FALSE
	EndGlobalSection
	GlobalSection(NestedProjects) = preSolution
		{EB86B0B7-C203-427C-AC82-E54E90035F45} = {1D46872E-2400-4795-A698-7BD62988AADB}
		{840D8296-E8F7-4759-9CB8-5E1375924D7C} = {1D46872E-2400-4795-A698-7BD62988AADB}
		{CE642DDA-3D24-44C2-840D-78FFEC3EB6D3} = {1D46872E-2400-4795-A698-7BD62988AADB}
		{9ECF55E4-F2E3-422A-9B63-836991A3A098} = {1D46872E-2400-4795-A698-7BD62988AADB}
		{F7EA3DE8-5ADD-44E4-8964-629DD89E4FFF} = {1D46872E-2400-4795-A698-7BD62988AADB}
		{19BA70DC-E404-4E04-8F7B-D001AED453C9} = {1D46872E-2400-4795-A698-7BD62988AADB}
		{10DAF209-8C5E-4B41-9918-0BF7EFD0DADC} = {1D46872E-2400-4795-A698-7BD62988AADB}
		{7EB9292B-CAF1-4530-BA0E-BA4048C2FEF5} = {1D46872E-2400-4795-A698-7BD62988AADB}
		{C8857806-30CF-4E0C-A7A6-9F7F01608F2E} = {1D46872E-2400-4795-A698-7BD62988AADB}
	EndGlobalSection
	GlobalSection(ExtensibilityGlobals) = postSolution
		SolutionGuid = {A40ACCDF-8D00-4093-8618-71D4A5436C29}
	EndGlobalSection
EndGlobal
